// !$*UTF8*$!
{
	archiveVersion = 1;
	classes = {
	};
	objectVersion = 46;
	objects = {

/* Begin PBXBuildFile section */
		8922B2C91C2F788500A6D2E7 /* AVFoundation.framework in Frameworks */ = {isa = PBXBuildFile; fileRef = 8922B2C81C2F788500A6D2E7 /* AVFoundation.framework */; };
		8922B2D01C2FB97600A6D2E7 /* mux in Resources */ = {isa = PBXBuildFile; fileRef = 8922B2CF1C2FB97600A6D2E7 /* mux */; };
		8922B2D31C30B74C00A6D2E7 /* yt.icns in Resources */ = {isa = PBXBuildFile; fileRef = 8922B2D21C30B74C00A6D2E7 /* yt.icns */; };
		8922B2D61C30C85600A6D2E7 /* KBYTWebKitViewController.m in Sources */ = {isa = PBXBuildFile; fileRef = 8922B2D51C30C85600A6D2E7 /* KBYTWebKitViewController.m */; };
		8922B2D81C30C87C00A6D2E7 /* WebKit.framework in Frameworks */ = {isa = PBXBuildFile; fileRef = 8922B2D71C30C87C00A6D2E7 /* WebKit.framework */; };
		8922B2DD1C311E8400A6D2E7 /* back_button.png in Resources */ = {isa = PBXBuildFile; fileRef = 8922B2DC1C311E8400A6D2E7 /* back_button.png */; };
		89A0EB731C28CF0F00255773 /* AppDelegate.m in Sources */ = {isa = PBXBuildFile; fileRef = 89A0EB721C28CF0F00255773 /* AppDelegate.m */; };
		89A0EB761C28CF0F00255773 /* main.m in Sources */ = {isa = PBXBuildFile; fileRef = 89A0EB751C28CF0F00255773 /* main.m */; };
		89A0EB781C28CF0F00255773 /* Assets.xcassets in Resources */ = {isa = PBXBuildFile; fileRef = 89A0EB771C28CF0F00255773 /* Assets.xcassets */; };
		89A0EB7B1C28CF0F00255773 /* MainMenu.xib in Resources */ = {isa = PBXBuildFile; fileRef = 89A0EB791C28CF0F00255773 /* MainMenu.xib */; };
		89A0EB841C28CF3C00255773 /* KBYourTube.m in Sources */ = {isa = PBXBuildFile; fileRef = 89A0EB831C28CF3C00255773 /* KBYourTube.m */; };
		89A0EB871C2F236E00255773 /* AVKit.framework in Frameworks */ = {isa = PBXBuildFile; fileRef = 89A0EB861C2F236E00255773 /* AVKit.framework */; };
		89A0EB8A1C2F273500255773 /* ripURL.m in Sources */ = {isa = PBXBuildFile; fileRef = 89A0EB891C2F273500255773 /* ripURL.m */; };
/* End PBXBuildFile section */

/* Begin PBXFileReference section */
		8922B2C81C2F788500A6D2E7 /* AVFoundation.framework */ = {isa = PBXFileReference; lastKnownFileType = wrapper.framework; name = AVFoundation.framework; path = System/Library/Frameworks/AVFoundation.framework; sourceTree = SDKROOT; };
		8922B2CF1C2FB97600A6D2E7 /* mux */ = {isa = PBXFileReference; lastKnownFileType = "compiled.mach-o.executable"; path = mux; sourceTree = "<group>"; };
		8922B2D21C30B74C00A6D2E7 /* yt.icns */ = {isa = PBXFileReference; lastKnownFileType = image.icns; path = yt.icns; sourceTree = "<group>"; };
		8922B2D41C30C85600A6D2E7 /* KBYTWebKitViewController.h */ = {isa = PBXFileReference; fileEncoding = 4; lastKnownFileType = sourcecode.c.h; path = KBYTWebKitViewController.h; sourceTree = "<group>"; };
		8922B2D51C30C85600A6D2E7 /* KBYTWebKitViewController.m */ = {isa = PBXFileReference; fileEncoding = 4; lastKnownFileType = sourcecode.c.objc; path = KBYTWebKitViewController.m; sourceTree = "<group>"; };
		8922B2D71C30C87C00A6D2E7 /* WebKit.framework */ = {isa = PBXFileReference; lastKnownFileType = wrapper.framework; name = WebKit.framework; path = System/Library/Frameworks/WebKit.framework; sourceTree = SDKROOT; };
		8922B2DA1C30EF9D00A6D2E7 /* yt.pch */ = {isa = PBXFileReference; lastKnownFileType = sourcecode.c.h; path = yt.pch; sourceTree = "<group>"; };
		8922B2DC1C311E8400A6D2E7 /* back_button.png */ = {isa = PBXFileReference; lastKnownFileType = image.png; name = back_button.png; path = yourTube/back_button.png; sourceTree = SOURCE_ROOT; };
		89A0EB6E1C28CF0F00255773 /* yourTube.app */ = {isa = PBXFileReference; explicitFileType = wrapper.application; includeInIndex = 0; path = yourTube.app; sourceTree = BUILT_PRODUCTS_DIR; };
		89A0EB711C28CF0F00255773 /* AppDelegate.h */ = {isa = PBXFileReference; lastKnownFileType = sourcecode.c.h; path = AppDelegate.h; sourceTree = "<group>"; };
		89A0EB721C28CF0F00255773 /* AppDelegate.m */ = {isa = PBXFileReference; lastKnownFileType = sourcecode.c.objc; path = AppDelegate.m; sourceTree = "<group>"; };
		89A0EB751C28CF0F00255773 /* main.m */ = {isa = PBXFileReference; lastKnownFileType = sourcecode.c.objc; path = main.m; sourceTree = "<group>"; };
		89A0EB771C28CF0F00255773 /* Assets.xcassets */ = {isa = PBXFileReference; lastKnownFileType = folder.assetcatalog; path = Assets.xcassets; sourceTree = "<group>"; };
		89A0EB7A1C28CF0F00255773 /* Base */ = {isa = PBXFileReference; lastKnownFileType = file.xib; name = Base; path = Base.lproj/MainMenu.xib; sourceTree = "<group>"; };
		89A0EB7C1C28CF0F00255773 /* Info.plist */ = {isa = PBXFileReference; lastKnownFileType = text.plist.xml; path = Info.plist; sourceTree = "<group>"; };
		89A0EB821C28CF3C00255773 /* KBYourTube.h */ = {isa = PBXFileReference; fileEncoding = 4; lastKnownFileType = sourcecode.c.h; path = KBYourTube.h; sourceTree = "<group>"; };
		89A0EB831C28CF3C00255773 /* KBYourTube.m */ = {isa = PBXFileReference; fileEncoding = 4; lastKnownFileType = sourcecode.c.objc; path = KBYourTube.m; sourceTree = "<group>"; };
		89A0EB851C29D17100255773 /* README.md */ = {isa = PBXFileReference; lastKnownFileType = net.daringfireball.markdown; path = README.md; sourceTree = SOURCE_ROOT; };
		89A0EB861C2F236E00255773 /* AVKit.framework */ = {isa = PBXFileReference; lastKnownFileType = wrapper.framework; name = AVKit.framework; path = System/Library/Frameworks/AVKit.framework; sourceTree = SDKROOT; };
		89A0EB881C2F273500255773 /* ripURL.h */ = {isa = PBXFileReference; fileEncoding = 4; lastKnownFileType = sourcecode.c.h; path = ripURL.h; sourceTree = "<group>"; };
		89A0EB891C2F273500255773 /* ripURL.m */ = {isa = PBXFileReference; fileEncoding = 4; lastKnownFileType = sourcecode.c.objc; path = ripURL.m; sourceTree = "<group>"; };
/* End PBXFileReference section */

/* Begin PBXFrameworksBuildPhase section */
		89A0EB6B1C28CF0F00255773 /* Frameworks */ = {
			isa = PBXFrameworksBuildPhase;
			buildActionMask = 2147483647;
			files = (
				8922B2D81C30C87C00A6D2E7 /* WebKit.framework in Frameworks */,
				8922B2C91C2F788500A6D2E7 /* AVFoundation.framework in Frameworks */,
				89A0EB871C2F236E00255773 /* AVKit.framework in Frameworks */,
			);
			runOnlyForDeploymentPostprocessing = 0;
		};
/* End PBXFrameworksBuildPhase section */

/* Begin PBXGroup section */
		8922B2CA1C2FB19D00A6D2E7 /* KBYT */ = {
			isa = PBXGroup;
			children = (
				89A0EB821C28CF3C00255773 /* KBYourTube.h */,
				89A0EB831C28CF3C00255773 /* KBYourTube.m */,
				89A0EB881C2F273500255773 /* ripURL.h */,
				89A0EB891C2F273500255773 /* ripURL.m */,
				8922B2D41C30C85600A6D2E7 /* KBYTWebKitViewController.h */,
				8922B2D51C30C85600A6D2E7 /* KBYTWebKitViewController.m */,
			);
			name = KBYT;
			sourceTree = "<group>";
		};
		8922B2CE1C2FB97600A6D2E7 /* Resources */ = {
			isa = PBXGroup;
			children = (
				8922B2DC1C311E8400A6D2E7 /* back_button.png */,
				8922B2D21C30B74C00A6D2E7 /* yt.icns */,
				8922B2CF1C2FB97600A6D2E7 /* mux */,
			);
			path = Resources;
			sourceTree = "<group>";
		};
		8922B2D91C30C88300A6D2E7 /* Frameworks */ = {
			isa = PBXGroup;
			children = (
				8922B2D71C30C87C00A6D2E7 /* WebKit.framework */,
				8922B2C81C2F788500A6D2E7 /* AVFoundation.framework */,
				89A0EB861C2F236E00255773 /* AVKit.framework */,
			);
			name = Frameworks;
			path = ..;
			sourceTree = "<group>";
		};
		89A0EB651C28CF0F00255773 = {
			isa = PBXGroup;
			children = (
				89A0EB701C28CF0F00255773 /* yourTube */,
				89A0EB6F1C28CF0F00255773 /* Products */,
			);
			sourceTree = "<group>";
		};
		89A0EB6F1C28CF0F00255773 /* Products */ = {
			isa = PBXGroup;
			children = (
				89A0EB6E1C28CF0F00255773 /* yourTube.app */,
			);
			name = Products;
			sourceTree = "<group>";
		};
		89A0EB701C28CF0F00255773 /* yourTube */ = {
			isa = PBXGroup;
			children = (
				89A0EB851C29D17100255773 /* README.md */,
				89A0EB711C28CF0F00255773 /* AppDelegate.h */,
				89A0EB721C28CF0F00255773 /* AppDelegate.m */,
				8922B2CA1C2FB19D00A6D2E7 /* KBYT */,
				89A0EB771C28CF0F00255773 /* Assets.xcassets */,
				89A0EB791C28CF0F00255773 /* MainMenu.xib */,
				89A0EB7C1C28CF0F00255773 /* Info.plist */,
				8922B2D91C30C88300A6D2E7 /* Frameworks */,
				89A0EB741C28CF0F00255773 /* Supporting Files */,
				8922B2DA1C30EF9D00A6D2E7 /* yt.pch */,
			);
			path = yourTube;
			sourceTree = "<group>";
		};
		89A0EB741C28CF0F00255773 /* Supporting Files */ = {
			isa = PBXGroup;
			children = (
				8922B2CE1C2FB97600A6D2E7 /* Resources */,
				89A0EB751C28CF0F00255773 /* main.m */,
			);
			name = "Supporting Files";
			sourceTree = "<group>";
		};
/* End PBXGroup section */

/* Begin PBXNativeTarget section */
		89A0EB6D1C28CF0F00255773 /* yourTube */ = {
			isa = PBXNativeTarget;
			buildConfigurationList = 89A0EB7F1C28CF0F00255773 /* Build configuration list for PBXNativeTarget "yourTube" */;
			buildPhases = (
				89A0EB6A1C28CF0F00255773 /* Sources */,
				89A0EB6B1C28CF0F00255773 /* Frameworks */,
				89A0EB6C1C28CF0F00255773 /* Resources */,
			);
			buildRules = (
			);
			dependencies = (
			);
			name = yourTube;
			productName = yourTube;
			productReference = 89A0EB6E1C28CF0F00255773 /* yourTube.app */;
			productType = "com.apple.product-type.application";
		};
/* End PBXNativeTarget section */

/* Begin PBXProject section */
		89A0EB661C28CF0F00255773 /* Project object */ = {
			isa = PBXProject;
			attributes = {
				LastUpgradeCheck = 0710;
				ORGANIZATIONNAME = nito;
				TargetAttributes = {
					89A0EB6D1C28CF0F00255773 = {
						CreatedOnToolsVersion = 7.1;
					};
				};
			};
			buildConfigurationList = 89A0EB691C28CF0F00255773 /* Build configuration list for PBXProject "yourTube" */;
			compatibilityVersion = "Xcode 3.2";
			developmentRegion = English;
			hasScannedForEncodings = 0;
			knownRegions = (
				en,
				Base,
			);
			mainGroup = 89A0EB651C28CF0F00255773;
			productRefGroup = 89A0EB6F1C28CF0F00255773 /* Products */;
			projectDirPath = "";
			projectRoot = "";
			targets = (
				89A0EB6D1C28CF0F00255773 /* yourTube */,
			);
		};
/* End PBXProject section */

/* Begin PBXResourcesBuildPhase section */
		89A0EB6C1C28CF0F00255773 /* Resources */ = {
			isa = PBXResourcesBuildPhase;
			buildActionMask = 2147483647;
			files = (
				89A0EB781C28CF0F00255773 /* Assets.xcassets in Resources */,
				8922B2D01C2FB97600A6D2E7 /* mux in Resources */,
				8922B2DD1C311E8400A6D2E7 /* back_button.png in Resources */,
				89A0EB7B1C28CF0F00255773 /* MainMenu.xib in Resources */,
				8922B2D31C30B74C00A6D2E7 /* yt.icns in Resources */,
			);
			runOnlyForDeploymentPostprocessing = 0;
		};
/* End PBXResourcesBuildPhase section */

/* Begin PBXSourcesBuildPhase section */
		89A0EB6A1C28CF0F00255773 /* Sources */ = {
			isa = PBXSourcesBuildPhase;
			buildActionMask = 2147483647;
			files = (
				8922B2D61C30C85600A6D2E7 /* KBYTWebKitViewController.m in Sources */,
				89A0EB841C28CF3C00255773 /* KBYourTube.m in Sources */,
				89A0EB8A1C2F273500255773 /* ripURL.m in Sources */,
				89A0EB761C28CF0F00255773 /* main.m in Sources */,
				89A0EB731C28CF0F00255773 /* AppDelegate.m in Sources */,
			);
			runOnlyForDeploymentPostprocessing = 0;
		};
/* End PBXSourcesBuildPhase section */

/* Begin PBXVariantGroup section */
		89A0EB791C28CF0F00255773 /* MainMenu.xib */ = {
			isa = PBXVariantGroup;
			children = (
				89A0EB7A1C28CF0F00255773 /* Base */,
			);
			name = MainMenu.xib;
			sourceTree = "<group>";
		};
/* End PBXVariantGroup section */

/* Begin XCBuildConfiguration section */
		89A0EB7D1C28CF0F00255773 /* Debug */ = {
			isa = XCBuildConfiguration;
			buildSettings = {
				ALWAYS_SEARCH_USER_PATHS = NO;
				CLANG_CXX_LANGUAGE_STANDARD = "gnu++0x";
				CLANG_CXX_LIBRARY = "libc++";
				CLANG_ENABLE_MODULES = YES;
				CLANG_ENABLE_OBJC_ARC = YES;
				CLANG_WARN_BOOL_CONVERSION = YES;
				CLANG_WARN_CONSTANT_CONVERSION = YES;
				CLANG_WARN_DIRECT_OBJC_ISA_USAGE = YES_ERROR;
				CLANG_WARN_EMPTY_BODY = YES;
				CLANG_WARN_ENUM_CONVERSION = YES;
				CLANG_WARN_INT_CONVERSION = YES;
				CLANG_WARN_OBJC_ROOT_CLASS = YES_ERROR;
				CLANG_WARN_UNREACHABLE_CODE = YES;
				CLANG_WARN__DUPLICATE_METHOD_MATCH = YES;
				CODE_SIGN_IDENTITY = "-";
				COPY_PHASE_STRIP = NO;
				DEBUG_INFORMATION_FORMAT = dwarf;
				ENABLE_STRICT_OBJC_MSGSEND = YES;
				ENABLE_TESTABILITY = YES;
				GCC_C_LANGUAGE_STANDARD = gnu99;
				GCC_DYNAMIC_NO_PIC = NO;
				GCC_NO_COMMON_BLOCKS = YES;
				GCC_OPTIMIZATION_LEVEL = 0;
				GCC_PREPROCESSOR_DEFINITIONS = (
					"DEBUG=1",
					"$(inherited)",
				);
				GCC_WARN_64_TO_32_BIT_CONVERSION = YES;
				GCC_WARN_ABOUT_RETURN_TYPE = YES_ERROR;
				GCC_WARN_UNDECLARED_SELECTOR = YES;
				GCC_WARN_UNINITIALIZED_AUTOS = YES_AGGRESSIVE;
				GCC_WARN_UNUSED_FUNCTION = YES;
				GCC_WARN_UNUSED_VARIABLE = YES;
				MACOSX_DEPLOYMENT_TARGET = 10.10;
				MTL_ENABLE_DEBUG_INFO = YES;
				ONLY_ACTIVE_ARCH = YES;
				SDKROOT = macosx;
			};
			name = Debug;
		};
		89A0EB7E1C28CF0F00255773 /* Release */ = {
			isa = XCBuildConfiguration;
			buildSettings = {
				ALWAYS_SEARCH_USER_PATHS = NO;
				CLANG_CXX_LANGUAGE_STANDARD = "gnu++0x";
				CLANG_CXX_LIBRARY = "libc++";
				CLANG_ENABLE_MODULES = YES;
				CLANG_ENABLE_OBJC_ARC = YES;
				CLANG_WARN_BOOL_CONVERSION = YES;
				CLANG_WARN_CONSTANT_CONVERSION = YES;
				CLANG_WARN_DIRECT_OBJC_ISA_USAGE = YES_ERROR;
				CLANG_WARN_EMPTY_BODY = YES;
				CLANG_WARN_ENUM_CONVERSION = YES;
				CLANG_WARN_INT_CONVERSION = YES;
				CLANG_WARN_OBJC_ROOT_CLASS = YES_ERROR;
				CLANG_WARN_UNREACHABLE_CODE = YES;
				CLANG_WARN__DUPLICATE_METHOD_MATCH = YES;
				CODE_SIGN_IDENTITY = "-";
				COPY_PHASE_STRIP = NO;
				DEBUG_INFORMATION_FORMAT = "dwarf-with-dsym";
				ENABLE_NS_ASSERTIONS = NO;
				ENABLE_STRICT_OBJC_MSGSEND = YES;
				GCC_C_LANGUAGE_STANDARD = gnu99;
				GCC_NO_COMMON_BLOCKS = YES;
				GCC_WARN_64_TO_32_BIT_CONVERSION = YES;
				GCC_WARN_ABOUT_RETURN_TYPE = YES_ERROR;
				GCC_WARN_UNDECLARED_SELECTOR = YES;
				GCC_WARN_UNINITIALIZED_AUTOS = YES_AGGRESSIVE;
				GCC_WARN_UNUSED_FUNCTION = YES;
				GCC_WARN_UNUSED_VARIABLE = YES;
				MACOSX_DEPLOYMENT_TARGET = 10.10;
				MTL_ENABLE_DEBUG_INFO = NO;
				SDKROOT = macosx;
			};
			name = Release;
		};
		89A0EB801C28CF0F00255773 /* Debug */ = {
			isa = XCBuildConfiguration;
			buildSettings = {
				COMBINE_HIDPI_IMAGES = YES;
				GCC_PRECOMPILE_PREFIX_HEADER = YES;
				GCC_PREFIX_HEADER = yourTube/yt.pch;
				INFOPLIST_FILE = yourTube/Info.plist;
				LD_RUNPATH_SEARCH_PATHS = "$(inherited) @executable_path/../Frameworks";
				PRODUCT_BUNDLE_IDENTIFIER = com.nito.yourTube;
				PRODUCT_NAME = "$(TARGET_NAME)";
			};
			name = Debug;
		};
		89A0EB811C28CF0F00255773 /* Release */ = {
			isa = XCBuildConfiguration;
			buildSettings = {
				COMBINE_HIDPI_IMAGES = YES;
				GCC_PRECOMPILE_PREFIX_HEADER = YES;
				GCC_PREFIX_HEADER = yourTube/yt.pch;
				INFOPLIST_FILE = yourTube/Info.plist;
				LD_RUNPATH_SEARCH_PATHS = "$(inherited) @executable_path/../Frameworks";
				PRODUCT_BUNDLE_IDENTIFIER = com.nito.yourTube;
				PRODUCT_NAME = "$(TARGET_NAME)";
			};
			name = Release;
		};
/* End XCBuildConfiguration section */

/* Begin XCConfigurationList section */
		89A0EB691C28CF0F00255773 /* Build configuration list for PBXProject "yourTube" */ = {
			isa = XCConfigurationList;
			buildConfigurations = (
				89A0EB7D1C28CF0F00255773 /* Debug */,
				89A0EB7E1C28CF0F00255773 /* Release */,
			);
			defaultConfigurationIsVisible = 0;
			defaultConfigurationName = Release;
		};
		89A0EB7F1C28CF0F00255773 /* Build configuration list for PBXNativeTarget "yourTube" */ = {
			isa = XCConfigurationList;
			buildConfigurations = (
				89A0EB801C28CF0F00255773 /* Debug */,
				89A0EB811C28CF0F00255773 /* Release */,
			);
			defaultConfigurationIsVisible = 0;
			defaultConfigurationName = Release;
		};
/* End XCConfigurationList section */
	};
	rootObject = 89A0EB661C28CF0F00255773 /* Project object */;
}
